
Microsoft Visual Studio Solution File, Format Version 12.00
# Visual Studio Version 16
VisualStudioVersion = 16.0.30907.101
MinimumVisualStudioVersion = 10.0.40219.1
Project("{FAE04EC0-301F-11D3-BF4B-00C04F79EFBC}") = "ClothBazar.Entities", "ClothBazar.Entities\ClothBazar.Entities.csproj", "{0637426C-23D9-4B63-BF63-6ECB005B48CA}"
EndProject
Project("{FAE04EC0-301F-11D3-BF4B-00C04F79EFBC}") = "ClothBazar.Database", "ClothBazar.Database\ClothBazar.Database.csproj", "{474ACB9E-5945-44C7-9EDB-74CADBE5AA89}"
EndProject
Project("{FAE04EC0-301F-11D3-BF4B-00C04F79EFBC}") = "ClothBazar.Web", "ClothBazar.Web\ClothBazar.Web.csproj", "{81305D25-56FD-4CE5-9D43-A930A6E11639}"
EndProject
Project("{FAE04EC0-301F-11D3-BF4B-00C04F79EFBC}") = "ClothBazar.Services", "ClothBazar.Services\ClothBazar.Services.csproj", "{F026387E-DB06-48A5-BFB7-2089EDE2253F}"
EndProject
Global
	GlobalSection(SolutionConfigurationPlatforms) = preSolution
		Debug|Any CPU = Debug|Any CPU
		Release|Any CPU = Release|Any CPU
	EndGlobalSection
	GlobalSection(ProjectConfigurationPlatforms) = postSolution
		{0637426C-23D9-4B63-BF63-6ECB005B48CA}.Debug|Any CPU.ActiveCfg = Debug|Any CPU
		{0637426C-23D9-4B63-BF63-6ECB005B48CA}.Debug|Any CPU.Build.0 = Debug|Any CPU
		{0637426C-23D9-4B63-BF63-6ECB005B48CA}.Release|Any CPU.ActiveCfg = Release|Any CPU
		{0637426C-23D9-4B63-BF63-6ECB005B48CA}.Release|Any CPU.Build.0 = Release|Any CPU
		{474ACB9E-5945-44C7-9EDB-74CADBE5AA89}.Debug|Any CPU.ActiveCfg = Debug|Any CPU
		{474ACB9E-5945-44C7-9EDB-74CADBE5AA89}.Debug|Any CPU.Build.0 = Debug|Any CPU
		{474ACB9E-5945-44C7-9EDB-74CADBE5AA89}.Release|Any CPU.ActiveCfg = Release|Any CPU
		{474ACB9E-5945-44C7-9EDB-74CADBE5AA89}.Release|Any CPU.Build.0 = Release|Any CPU
		{81305D25-56FD-4CE5-9D43-A930A6E11639}.Debug|Any CPU.ActiveCfg = Debug|Any CPU
		{81305D25-56FD-4CE5-9D43-A930A6E11639}.Debug|Any CPU.Build.0 = Debug|Any CPU
		{81305D25-56FD-4CE5-9D43-A930A6E11639}.Release|Any CPU.ActiveCfg = Release|Any CPU
		{81305D25-56FD-4CE5-9D43-A930A6E11639}.Release|Any CPU.Build.0 = Release|Any CPU
		{F026387E-DB06-48A5-BFB7-2089EDE2253F}.Debug|Any CPU.ActiveCfg = Debug|Any CPU
		{F026387E-DB06-48A5-BFB7-2089EDE2253F}.Debug|Any CPU.Build.0 = Debug|Any CPU
		{F026387E-DB06-48A5-BFB7-2089EDE2253F}.Release|Any CPU.ActiveCfg = Release|Any CPU
		{F026387E-DB06-48A5-BFB7-2089EDE2253F}.Release|Any CPU.Build.0 = Release|Any CPU
	EndGlobalSection
	GlobalSection(SolutionProperties) = preSolution
		HideSolutionNode = FALSE
	EndGlobalSection
	GlobalSection(ExtensibilityGlobals) = postSolution
		SolutionGuid = {08526762-0F43-4023-A115-D52B81A01E71}
	EndGlobalSection
EndGlobal
